// !$*UTF8*$!
{
	archiveVersion = 1;
	classes = {
	};
	objectVersion = 51;
	objects = {

/* Begin PBXBuildFile section */
		03DD581B2397E522006FF392 /* PinterestLayout.swift in Sources */ = {isa = PBXBuildFile; fileRef = 03DD581A2397E522006FF392 /* PinterestLayout.swift */; };
		3911CA59239159E20027B1FF /* GoogleService-Info.plist in Resources */ = {isa = PBXBuildFile; fileRef = 3911CA58239159E20027B1FF /* GoogleService-Info.plist */; };
		3947C9A023915F5300B72900 /* PrincipalViewController.swift in Sources */ = {isa = PBXBuildFile; fileRef = 3947C99F23915F5300B72900 /* PrincipalViewController.swift */; };
		399B5F1D2396AB31008F886D /* Colors.xcassets in Resources */ = {isa = PBXBuildFile; fileRef = 399B5F1C2396AB31008F886D /* Colors.xcassets */; };
		39BAA0D1239159470066B302 /* AppDelegate.swift in Sources */ = {isa = PBXBuildFile; fileRef = 39BAA0D0239159470066B302 /* AppDelegate.swift */; };
		39BAA0D3239159470066B302 /* SceneDelegate.swift in Sources */ = {isa = PBXBuildFile; fileRef = 39BAA0D2239159470066B302 /* SceneDelegate.swift */; };
		39BAA0D5239159470066B302 /* ViewController.swift in Sources */ = {isa = PBXBuildFile; fileRef = 39BAA0D4239159470066B302 /* ViewController.swift */; };
		39BAA0D8239159470066B302 /* Main.storyboard in Resources */ = {isa = PBXBuildFile; fileRef = 39BAA0D6239159470066B302 /* Main.storyboard */; };
		39BAA0DA239159490066B302 /* Assets.xcassets in Resources */ = {isa = PBXBuildFile; fileRef = 39BAA0D9239159490066B302 /* Assets.xcassets */; };
		39BAA0DD239159490066B302 /* LaunchScreen.storyboard in Resources */ = {isa = PBXBuildFile; fileRef = 39BAA0DB239159490066B302 /* LaunchScreen.storyboard */; };
		A5459D4023954BA20023D99D /* ProcurarProfissionaisViewController.swift in Sources */ = {isa = PBXBuildFile; fileRef = A5459D3F23954BA20023D99D /* ProcurarProfissionaisViewController.swift */; };
		A5459D4223954BAE0023D99D /* ProfissionaisMaisProcuradosCollectionViewCell.swift in Sources */ = {isa = PBXBuildFile; fileRef = A5459D4123954BAE0023D99D /* ProfissionaisMaisProcuradosCollectionViewCell.swift */; };
		A5459D492395527E0023D99D /* EXTViewArrendondada.swift in Sources */ = {isa = PBXBuildFile; fileRef = A5459D482395527E0023D99D /* EXTViewArrendondada.swift */; };
		A55DD4662397D58900821A2F /* PerfilProfissional.storyboard in Resources */ = {isa = PBXBuildFile; fileRef = A55DD4652397D58900821A2F /* PerfilProfissional.storyboard */; };
		A5B5BDFE2397D0D600F800CC /* MinhaConta.storyboard in Resources */ = {isa = PBXBuildFile; fileRef = A5B5BDFD2397D0D600F800CC /* MinhaConta.storyboard */; };
		A5B5BE022397D10100F800CC /* Profissionais.storyboard in Resources */ = {isa = PBXBuildFile; fileRef = A5B5BE012397D10100F800CC /* Profissionais.storyboard */; };
		A5CBEA2223954530009D2658 /* Empresa.swift in Sources */ = {isa = PBXBuildFile; fileRef = A5CBEA1C23954530009D2658 /* Empresa.swift */; };
		A5CBEA2323954530009D2658 /* Endereco.swift in Sources */ = {isa = PBXBuildFile; fileRef = A5CBEA1D23954530009D2658 /* Endereco.swift */; };
		A5CBEA2423954530009D2658 /* Usuario.swift in Sources */ = {isa = PBXBuildFile; fileRef = A5CBEA1E23954530009D2658 /* Usuario.swift */; };
		A5CBEA2523954530009D2658 /* InfoEmpresa.swift in Sources */ = {isa = PBXBuildFile; fileRef = A5CBEA1F23954530009D2658 /* InfoEmpresa.swift */; };
		A5CBEA2623954530009D2658 /* Avaliacao.swift in Sources */ = {isa = PBXBuildFile; fileRef = A5CBEA2023954530009D2658 /* Avaliacao.swift */; };
		A5CBEA2723954530009D2658 /* InfoUsuario.swift in Sources */ = {isa = PBXBuildFile; fileRef = A5CBEA2123954530009D2658 /* InfoUsuario.swift */; };
		A5EC9E0623956EFC00BC72B3 /* (null) in Sources */ = {isa = PBXBuildFile; };
		A5EC9E0A2395754300BC72B3 /* (null) in Sources */ = {isa = PBXBuildFile; };
		A5EC9E0C2395767500BC72B3 /* (null) in Sources */ = {isa = PBXBuildFile; };
		AF677AF8D3BF3BCCEB6DA650 /* Pods_Somei.framework in Frameworks */ = {isa = PBXBuildFile; fileRef = 21E34BE9621ABE1E25C25B78 /* Pods_Somei.framework */; };
		D1A984BF239921A6004C170C /* PerfilProfissionalViewController.swift in Sources */ = {isa = PBXBuildFile; fileRef = D1A984BC239921A6004C170C /* PerfilProfissionalViewController.swift */; };
		D1A984C1239921A6004C170C /* ListaProfissionaisPesquisaViewController.swift in Sources */ = {isa = PBXBuildFile; fileRef = D1A984BE239921A6004C170C /* ListaProfissionaisPesquisaViewController.swift */; };
		D1A984C723992231004C170C /* DAOFireBaseUsuario.swift in Sources */ = {isa = PBXBuildFile; fileRef = D1A984C623992231004C170C /* DAOFireBaseUsuario.swift */; };
		D1AFC83D23993348009583B3 /* DAOFireBaseEmpresas.swift in Sources */ = {isa = PBXBuildFile; fileRef = D1AFC83C23993348009583B3 /* DAOFireBaseEmpresas.swift */; };
		D1AFC83F239934AC009583B3 /* DAOFireBaseCategorias.swift in Sources */ = {isa = PBXBuildFile; fileRef = D1AFC83E239934AC009583B3 /* DAOFireBaseCategorias.swift */; };
		D1AFC84323994DC1009583B3 /* Categoria.swift in Sources */ = {isa = PBXBuildFile; fileRef = D1AFC84223994DC1009583B3 /* Categoria.swift */; };
		D1D518AA239922EB008C8C1A /* TodosOsUsuarios.swift in Sources */ = {isa = PBXBuildFile; fileRef = D1D518A9239922EA008C8C1A /* TodosOsUsuarios.swift */; };
		D1D518AC239922EE008C8C1A /* TodasAsEmpresasDaCategoria.swift in Sources */ = {isa = PBXBuildFile; fileRef = D1D518AB239922EE008C8C1A /* TodasAsEmpresasDaCategoria.swift */; };
		D1D518B02399233D008C8C1A /* ListaAtividadesTableViewCell.swift in Sources */ = {isa = PBXBuildFile; fileRef = D1D518AE2399233D008C8C1A /* ListaAtividadesTableViewCell.swift */; };
		D1D518B12399233D008C8C1A /* ListaProfissionaisTableViewCell.swift in Sources */ = {isa = PBXBuildFile; fileRef = D1D518AF2399233D008C8C1A /* ListaProfissionaisTableViewCell.swift */; };
/* End PBXBuildFile section */

/* Begin PBXFileReference section */
		03DD581A2397E522006FF392 /* PinterestLayout.swift */ = {isa = PBXFileReference; lastKnownFileType = sourcecode.swift; name = PinterestLayout.swift; path = somei/Controller/Profissionais/PinterestLayout.swift; sourceTree = SOURCE_ROOT; };
		08B2B67085EA8A969AA28D9F /* Pods-Somei.debug.xcconfig */ = {isa = PBXFileReference; includeInIndex = 1; lastKnownFileType = text.xcconfig; name = "Pods-Somei.debug.xcconfig"; path = "Target Support Files/Pods-Somei/Pods-Somei.debug.xcconfig"; sourceTree = "<group>"; };
		21E34BE9621ABE1E25C25B78 /* Pods_Somei.framework */ = {isa = PBXFileReference; explicitFileType = wrapper.framework; includeInIndex = 0; path = Pods_Somei.framework; sourceTree = BUILT_PRODUCTS_DIR; };
		3911CA58239159E20027B1FF /* GoogleService-Info.plist */ = {isa = PBXFileReference; fileEncoding = 4; lastKnownFileType = text.plist.xml; path = "GoogleService-Info.plist"; sourceTree = "<group>"; };
		3947C99F23915F5300B72900 /* PrincipalViewController.swift */ = {isa = PBXFileReference; lastKnownFileType = sourcecode.swift; path = PrincipalViewController.swift; sourceTree = "<group>"; };
		399B5F1C2396AB31008F886D /* Colors.xcassets */ = {isa = PBXFileReference; lastKnownFileType = folder.assetcatalog; path = Colors.xcassets; sourceTree = "<group>"; };
		39BAA0CD239159470066B302 /* Somei.app */ = {isa = PBXFileReference; explicitFileType = wrapper.application; includeInIndex = 0; path = Somei.app; sourceTree = BUILT_PRODUCTS_DIR; };
		39BAA0D0239159470066B302 /* AppDelegate.swift */ = {isa = PBXFileReference; lastKnownFileType = sourcecode.swift; path = AppDelegate.swift; sourceTree = "<group>"; };
		39BAA0D2239159470066B302 /* SceneDelegate.swift */ = {isa = PBXFileReference; lastKnownFileType = sourcecode.swift; path = SceneDelegate.swift; sourceTree = "<group>"; };
		39BAA0D4239159470066B302 /* ViewController.swift */ = {isa = PBXFileReference; lastKnownFileType = sourcecode.swift; path = ViewController.swift; sourceTree = "<group>"; };
		39BAA0D7239159470066B302 /* Base */ = {isa = PBXFileReference; lastKnownFileType = file.storyboard; name = Base; path = Base.lproj/Main.storyboard; sourceTree = "<group>"; };
		39BAA0D9239159490066B302 /* Assets.xcassets */ = {isa = PBXFileReference; lastKnownFileType = folder.assetcatalog; path = Assets.xcassets; sourceTree = "<group>"; };
		39BAA0DC239159490066B302 /* Base */ = {isa = PBXFileReference; lastKnownFileType = file.storyboard; name = Base; path = Base.lproj/LaunchScreen.storyboard; sourceTree = "<group>"; };
		39BAA0DE239159490066B302 /* Info.plist */ = {isa = PBXFileReference; lastKnownFileType = text.plist.xml; path = Info.plist; sourceTree = "<group>"; };
		46F7EE9F17B980114189616F /* Pods-Somei.release.xcconfig */ = {isa = PBXFileReference; includeInIndex = 1; lastKnownFileType = text.xcconfig; name = "Pods-Somei.release.xcconfig"; path = "Target Support Files/Pods-Somei/Pods-Somei.release.xcconfig"; sourceTree = "<group>"; };
		A5459D3F23954BA20023D99D /* ProcurarProfissionaisViewController.swift */ = {isa = PBXFileReference; fileEncoding = 4; lastKnownFileType = sourcecode.swift; name = ProcurarProfissionaisViewController.swift; path = somei/Controller/Profissionais/ProcurarProfissionaisViewController.swift; sourceTree = SOURCE_ROOT; };
		A5459D4123954BAE0023D99D /* ProfissionaisMaisProcuradosCollectionViewCell.swift */ = {isa = PBXFileReference; fileEncoding = 4; lastKnownFileType = sourcecode.swift; name = ProfissionaisMaisProcuradosCollectionViewCell.swift; path = somei/Controller/Profissionais/Cell/ProfissionaisMaisProcuradosCollectionViewCell.swift; sourceTree = SOURCE_ROOT; };
		A5459D482395527E0023D99D /* EXTViewArrendondada.swift */ = {isa = PBXFileReference; fileEncoding = 4; lastKnownFileType = sourcecode.swift; name = EXTViewArrendondada.swift; path = somei/EXTViewArrendondada.swift; sourceTree = SOURCE_ROOT; };
		A55DD4652397D58900821A2F /* PerfilProfissional.storyboard */ = {isa = PBXFileReference; fileEncoding = 4; lastKnownFileType = file.storyboard; name = PerfilProfissional.storyboard; path = somei/View/PerfilProfissional.storyboard; sourceTree = SOURCE_ROOT; };
		A5B5BDFD2397D0D600F800CC /* MinhaConta.storyboard */ = {isa = PBXFileReference; fileEncoding = 4; lastKnownFileType = file.storyboard; name = MinhaConta.storyboard; path = somei/View/MinhaConta.storyboard; sourceTree = SOURCE_ROOT; };
		A5B5BE012397D10100F800CC /* Profissionais.storyboard */ = {isa = PBXFileReference; fileEncoding = 4; lastKnownFileType = file.storyboard; name = Profissionais.storyboard; path = Somei/View/Profissionais.storyboard; sourceTree = SOURCE_ROOT; };
		A5CBEA1C23954530009D2658 /* Empresa.swift */ = {isa = PBXFileReference; fileEncoding = 4; lastKnownFileType = sourcecode.swift; name = Empresa.swift; path = somei/Model/Empresa.swift; sourceTree = SOURCE_ROOT; };
		A5CBEA1D23954530009D2658 /* Endereco.swift */ = {isa = PBXFileReference; fileEncoding = 4; lastKnownFileType = sourcecode.swift; name = Endereco.swift; path = somei/Model/Endereco.swift; sourceTree = SOURCE_ROOT; };
		A5CBEA1E23954530009D2658 /* Usuario.swift */ = {isa = PBXFileReference; fileEncoding = 4; lastKnownFileType = sourcecode.swift; name = Usuario.swift; path = somei/Model/Usuario.swift; sourceTree = SOURCE_ROOT; };
		A5CBEA1F23954530009D2658 /* InfoEmpresa.swift */ = {isa = PBXFileReference; fileEncoding = 4; lastKnownFileType = sourcecode.swift; name = InfoEmpresa.swift; path = somei/Model/InfoEmpresa.swift; sourceTree = SOURCE_ROOT; };
		A5CBEA2023954530009D2658 /* Avaliacao.swift */ = {isa = PBXFileReference; fileEncoding = 4; lastKnownFileType = sourcecode.swift; name = Avaliacao.swift; path = somei/Model/Avaliacao.swift; sourceTree = SOURCE_ROOT; };
		A5CBEA2123954530009D2658 /* InfoUsuario.swift */ = {isa = PBXFileReference; fileEncoding = 4; lastKnownFileType = sourcecode.swift; name = InfoUsuario.swift; path = somei/Model/InfoUsuario.swift; sourceTree = SOURCE_ROOT; };
		D1A984BC239921A6004C170C /* PerfilProfissionalViewController.swift */ = {isa = PBXFileReference; fileEncoding = 4; lastKnownFileType = sourcecode.swift; name = PerfilProfissionalViewController.swift; path = somei/Controller/Profissionais/PerfilProfissionalViewController.swift; sourceTree = SOURCE_ROOT; };
		D1A984BE239921A6004C170C /* ListaProfissionaisPesquisaViewController.swift */ = {isa = PBXFileReference; fileEncoding = 4; lastKnownFileType = sourcecode.swift; name = ListaProfissionaisPesquisaViewController.swift; path = somei/Controller/Profissionais/ListaProfissionaisPesquisaViewController.swift; sourceTree = SOURCE_ROOT; };
		D1A984C623992231004C170C /* DAOFireBaseUsuario.swift */ = {isa = PBXFileReference; lastKnownFileType = sourcecode.swift; path = DAOFireBaseUsuario.swift; sourceTree = "<group>"; };
		D1AFC83C23993348009583B3 /* DAOFireBaseEmpresas.swift */ = {isa = PBXFileReference; fileEncoding = 4; lastKnownFileType = sourcecode.swift; name = DAOFireBaseEmpresas.swift; path = "somei/Model/DAO's FireBase/DAOFireBaseEmpresas.swift"; sourceTree = SOURCE_ROOT; };
		D1AFC83E239934AC009583B3 /* DAOFireBaseCategorias.swift */ = {isa = PBXFileReference; lastKnownFileType = sourcecode.swift; name = DAOFireBaseCategorias.swift; path = "somei/Model/DAO's FireBase/DAOFireBaseCategorias.swift"; sourceTree = SOURCE_ROOT; };
		D1AFC84223994DC1009583B3 /* Categoria.swift */ = {isa = PBXFileReference; lastKnownFileType = sourcecode.swift; name = Categoria.swift; path = somei/Model/Categoria.swift; sourceTree = SOURCE_ROOT; };
		D1D518A9239922EA008C8C1A /* TodosOsUsuarios.swift */ = {isa = PBXFileReference; lastKnownFileType = sourcecode.swift; path = TodosOsUsuarios.swift; sourceTree = "<group>"; };
		D1D518AB239922EE008C8C1A /* TodasAsEmpresasDaCategoria.swift */ = {isa = PBXFileReference; lastKnownFileType = sourcecode.swift; path = TodasAsEmpresasDaCategoria.swift; sourceTree = "<group>"; };
		D1D518AE2399233D008C8C1A /* ListaAtividadesTableViewCell.swift */ = {isa = PBXFileReference; fileEncoding = 4; lastKnownFileType = sourcecode.swift; name = ListaAtividadesTableViewCell.swift; path = somei/Controller/Profissionais/Cell/ListaAtividadesTableViewCell.swift; sourceTree = SOURCE_ROOT; };
		D1D518AF2399233D008C8C1A /* ListaProfissionaisTableViewCell.swift */ = {isa = PBXFileReference; fileEncoding = 4; lastKnownFileType = sourcecode.swift; name = ListaProfissionaisTableViewCell.swift; path = somei/Controller/Profissionais/Cell/ListaProfissionaisTableViewCell.swift; sourceTree = SOURCE_ROOT; };
/* End PBXFileReference section */

/* Begin PBXFrameworksBuildPhase section */
		39BAA0CA239159470066B302 /* Frameworks */ = {
			isa = PBXFrameworksBuildPhase;
			buildActionMask = 2147483647;
			files = (
				AF677AF8D3BF3BCCEB6DA650 /* Pods_Somei.framework in Frameworks */,
			);
			runOnlyForDeploymentPostprocessing = 0;
		};
/* End PBXFrameworksBuildPhase section */

/* Begin PBXGroup section */
		3947C99A23915A7900B72900 /* Model */ = {
			isa = PBXGroup;
			children = (
				D1D518B223993264008C8C1A /* DAO's FireBase */,
				D1D518AD23992307008C8C1A /* shared */,
				A5CBEA2023954530009D2658 /* Avaliacao.swift */,
				A5CBEA1C23954530009D2658 /* Empresa.swift */,
				A5CBEA1D23954530009D2658 /* Endereco.swift */,
				A5CBEA1E23954530009D2658 /* Usuario.swift */,
				D1AFC84223994DC1009583B3 /* Categoria.swift */,
			);
			path = Model;
			sourceTree = "<group>";
		};
		3947C99B23915A8200B72900 /* View */ = {
			isa = PBXGroup;
			children = (
				A5459D47239552710023D99D /* Extension */,
				A5B5BE012397D10100F800CC /* Profissionais.storyboard */,
				A55DD4652397D58900821A2F /* PerfilProfissional.storyboard */,
				A5B5BDFD2397D0D600F800CC /* MinhaConta.storyboard */,
				39BAA0D6239159470066B302 /* Main.storyboard */,
				39BAA0DB239159490066B302 /* LaunchScreen.storyboard */,
				39BAA0D9239159490066B302 /* Assets.xcassets */,
				399B5F1C2396AB31008F886D /* Colors.xcassets */,
			);
			path = View;
			sourceTree = "<group>";
		};
		3947C99C23915A9500B72900 /* Controller */ = {
			isa = PBXGroup;
			children = (
				A5459D3E23954B520023D99D /* Profissionais */,
				3947C99F23915F5300B72900 /* PrincipalViewController.swift */,
				39BAA0D4239159470066B302 /* ViewController.swift */,
			);
			path = Controller;
			sourceTree = "<group>";
		};
		39BAA0C4239159470066B302 = {
			isa = PBXGroup;
			children = (
				39BAA0CF239159470066B302 /* Somei */,
				39BAA0CE239159470066B302 /* Products */,
				B3A6728E47613F6F5C4E8DC9 /* Pods */,
				D0275FBDE1D4B8C03BD1DB54 /* Frameworks */,
				D1A984BB23992159004C170C /* Recovered References */,
			);
			sourceTree = "<group>";
		};
		39BAA0CE239159470066B302 /* Products */ = {
			isa = PBXGroup;
			children = (
				39BAA0CD239159470066B302 /* Somei.app */,
			);
			name = Products;
			sourceTree = "<group>";
		};
		39BAA0CF239159470066B302 /* Somei */ = {
			isa = PBXGroup;
			children = (
				39BAA0D0239159470066B302 /* AppDelegate.swift */,
				39BAA0D2239159470066B302 /* SceneDelegate.swift */,
				39BAA0DE239159490066B302 /* Info.plist */,
				3911CA58239159E20027B1FF /* GoogleService-Info.plist */,
				3947C99A23915A7900B72900 /* Model */,
				3947C99B23915A8200B72900 /* View */,
				3947C99C23915A9500B72900 /* Controller */,
			);
			path = Somei;
			sourceTree = "<group>";
		};
		A5459D3A23954A760023D99D /* Cell */ = {
			isa = PBXGroup;
			children = (
				A5459D4123954BAE0023D99D /* ProfissionaisMaisProcuradosCollectionViewCell.swift */,
				D1D518AE2399233D008C8C1A /* ListaAtividadesTableViewCell.swift */,
				D1D518AF2399233D008C8C1A /* ListaProfissionaisTableViewCell.swift */,
			);
			path = Cell;
			sourceTree = "<group>";
		};
		A5459D3E23954B520023D99D /* Profissionais */ = {
			isa = PBXGroup;
			children = (
				A5459D3F23954BA20023D99D /* ProcurarProfissionaisViewController.swift */,
				D1A984BE239921A6004C170C /* ListaProfissionaisPesquisaViewController.swift */,
				D1A984BC239921A6004C170C /* PerfilProfissionalViewController.swift */,
				A5459D3A23954A760023D99D /* Cell */,
				03DD581A2397E522006FF392 /* PinterestLayout.swift */,
			);
			path = Profissionais;
			sourceTree = "<group>";
		};
		A5459D47239552710023D99D /* Extension */ = {
			isa = PBXGroup;
			children = (
				A5459D482395527E0023D99D /* EXTViewArrendondada.swift */,
			);
			path = Extension;
			sourceTree = "<group>";
		};
		B3A6728E47613F6F5C4E8DC9 /* Pods */ = {
			isa = PBXGroup;
			children = (
				08B2B67085EA8A969AA28D9F /* Pods-Somei.debug.xcconfig */,
				46F7EE9F17B980114189616F /* Pods-Somei.release.xcconfig */,
			);
			path = Pods;
			sourceTree = "<group>";
		};
		D0275FBDE1D4B8C03BD1DB54 /* Frameworks */ = {
			isa = PBXGroup;
			children = (
				21E34BE9621ABE1E25C25B78 /* Pods_Somei.framework */,
			);
			name = Frameworks;
			sourceTree = "<group>";
		};
		D1A984BB23992159004C170C /* Recovered References */ = {
			isa = PBXGroup;
			children = (
				A5CBEA1F23954530009D2658 /* InfoEmpresa.swift */,
				A5CBEA2123954530009D2658 /* InfoUsuario.swift */,
			);
			name = "Recovered References";
			sourceTree = "<group>";
		};
		D1D518AD23992307008C8C1A /* shared */ = {
			isa = PBXGroup;
			children = (
				D1D518A9239922EA008C8C1A /* TodosOsUsuarios.swift */,
				D1D518AB239922EE008C8C1A /* TodasAsEmpresasDaCategoria.swift */,
			);
			path = shared;
			sourceTree = "<group>";
		};
		D1D518B223993264008C8C1A /* DAO's FireBase */ = {
			isa = PBXGroup;
			children = (
				D1A984C623992231004C170C /* DAOFireBaseUsuario.swift */,
				D1AFC83C23993348009583B3 /* DAOFireBaseEmpresas.swift */,
				D1AFC83E239934AC009583B3 /* DAOFireBaseCategorias.swift */,
			);
			path = "DAO's FireBase";
			sourceTree = "<group>";
		};
/* End PBXGroup section */

/* Begin PBXNativeTarget section */
		39BAA0CC239159470066B302 /* Somei */ = {
			isa = PBXNativeTarget;
			buildConfigurationList = 39BAA0E1239159490066B302 /* Build configuration list for PBXNativeTarget "Somei" */;
			buildPhases = (
				8F6C3BF56DC99248095FD68F /* [CP] Check Pods Manifest.lock */,
				39BAA0C9239159470066B302 /* Sources */,
				39BAA0CA239159470066B302 /* Frameworks */,
				39BAA0CB239159470066B302 /* Resources */,
				BD94D496BAD002F6D2BD0616 /* [CP] Embed Pods Frameworks */,
				4EFF98A7276545907FB7505B /* [CP] Copy Pods Resources */,
			);
			buildRules = (
			);
			dependencies = (
			);
			name = Somei;
			productName = Somei;
			productReference = 39BAA0CD239159470066B302 /* Somei.app */;
			productType = "com.apple.product-type.application";
		};
/* End PBXNativeTarget section */

/* Begin PBXProject section */
		39BAA0C5239159470066B302 /* Project object */ = {
			isa = PBXProject;
			attributes = {
				LastSwiftUpdateCheck = 1120;
				LastUpgradeCheck = 1120;
				ORGANIZATIONNAME = "José Guilherme Bestel";
				TargetAttributes = {
					39BAA0CC239159470066B302 = {
						CreatedOnToolsVersion = 11.2.1;
					};
				};
			};
			buildConfigurationList = 39BAA0C8239159470066B302 /* Build configuration list for PBXProject "somei" */;
			compatibilityVersion = "Xcode 9.3";
			developmentRegion = en;
			hasScannedForEncodings = 0;
			knownRegions = (
				en,
				Base,
			);
			mainGroup = 39BAA0C4239159470066B302;
			productRefGroup = 39BAA0CE239159470066B302 /* Products */;
			projectDirPath = "";
			projectRoot = "";
			targets = (
				39BAA0CC239159470066B302 /* Somei */,
			);
		};
/* End PBXProject section */

/* Begin PBXResourcesBuildPhase section */
		39BAA0CB239159470066B302 /* Resources */ = {
			isa = PBXResourcesBuildPhase;
			buildActionMask = 2147483647;
			files = (
				A5B5BE022397D10100F800CC /* Profissionais.storyboard in Resources */,
				399B5F1D2396AB31008F886D /* Colors.xcassets in Resources */,
				39BAA0DD239159490066B302 /* LaunchScreen.storyboard in Resources */,
				3911CA59239159E20027B1FF /* GoogleService-Info.plist in Resources */,
				39BAA0DA239159490066B302 /* Assets.xcassets in Resources */,
				A5B5BDFE2397D0D600F800CC /* MinhaConta.storyboard in Resources */,
				39BAA0D8239159470066B302 /* Main.storyboard in Resources */,
				A55DD4662397D58900821A2F /* PerfilProfissional.storyboard in Resources */,
			);
			runOnlyForDeploymentPostprocessing = 0;
		};
/* End PBXResourcesBuildPhase section */

/* Begin PBXShellScriptBuildPhase section */
		4EFF98A7276545907FB7505B /* [CP] Copy Pods Resources */ = {
			isa = PBXShellScriptBuildPhase;
			buildActionMask = 2147483647;
			files = (
			);
			inputFileListPaths = (
				"${PODS_ROOT}/Target Support Files/Pods-Somei/Pods-Somei-resources-${CONFIGURATION}-input-files.xcfilelist",
			);
			name = "[CP] Copy Pods Resources";
			outputFileListPaths = (
				"${PODS_ROOT}/Target Support Files/Pods-Somei/Pods-Somei-resources-${CONFIGURATION}-output-files.xcfilelist",
			);
			runOnlyForDeploymentPostprocessing = 0;
			shellPath = /bin/sh;
			shellScript = "\"${PODS_ROOT}/Target Support Files/Pods-Somei/Pods-Somei-resources.sh\"\n";
			showEnvVarsInLog = 0;
		};
		8F6C3BF56DC99248095FD68F /* [CP] Check Pods Manifest.lock */ = {
			isa = PBXShellScriptBuildPhase;
			buildActionMask = 2147483647;
			files = (
			);
			inputFileListPaths = (
			);
			inputPaths = (
				"${PODS_PODFILE_DIR_PATH}/Podfile.lock",
				"${PODS_ROOT}/Manifest.lock",
			);
			name = "[CP] Check Pods Manifest.lock";
			outputFileListPaths = (
			);
			outputPaths = (
				"$(DERIVED_FILE_DIR)/Pods-Somei-checkManifestLockResult.txt",
			);
			runOnlyForDeploymentPostprocessing = 0;
			shellPath = /bin/sh;
			shellScript = "diff \"${PODS_PODFILE_DIR_PATH}/Podfile.lock\" \"${PODS_ROOT}/Manifest.lock\" > /dev/null\nif [ $? != 0 ] ; then\n    # print error to STDERR\n    echo \"error: The sandbox is not in sync with the Podfile.lock. Run 'pod install' or update your CocoaPods installation.\" >&2\n    exit 1\nfi\n# This output is used by Xcode 'outputs' to avoid re-running this script phase.\necho \"SUCCESS\" > \"${SCRIPT_OUTPUT_FILE_0}\"\n";
			showEnvVarsInLog = 0;
		};
		BD94D496BAD002F6D2BD0616 /* [CP] Embed Pods Frameworks */ = {
			isa = PBXShellScriptBuildPhase;
			buildActionMask = 2147483647;
			files = (
			);
			inputFileListPaths = (
				"${PODS_ROOT}/Target Support Files/Pods-Somei/Pods-Somei-frameworks-${CONFIGURATION}-input-files.xcfilelist",
			);
			name = "[CP] Embed Pods Frameworks";
			outputFileListPaths = (
				"${PODS_ROOT}/Target Support Files/Pods-Somei/Pods-Somei-frameworks-${CONFIGURATION}-output-files.xcfilelist",
			);
			runOnlyForDeploymentPostprocessing = 0;
			shellPath = /bin/sh;
			shellScript = "\"${PODS_ROOT}/Target Support Files/Pods-Somei/Pods-Somei-frameworks.sh\"\n";
			showEnvVarsInLog = 0;
		};
/* End PBXShellScriptBuildPhase section */

/* Begin PBXSourcesBuildPhase section */
		39BAA0C9239159470066B302 /* Sources */ = {
			isa = PBXSourcesBuildPhase;
			buildActionMask = 2147483647;
			files = (
				A5CBEA2523954530009D2658 /* InfoEmpresa.swift in Sources */,
				D1A984BF239921A6004C170C /* PerfilProfissionalViewController.swift in Sources */,
				A5459D4223954BAE0023D99D /* ProfissionaisMaisProcuradosCollectionViewCell.swift in Sources */,
				D1A984C723992231004C170C /* DAOFireBaseUsuario.swift in Sources */,
				A5CBEA2423954530009D2658 /* Usuario.swift in Sources */,
				D1A984C1239921A6004C170C /* ListaProfissionaisPesquisaViewController.swift in Sources */,
				D1D518B12399233D008C8C1A /* ListaProfissionaisTableViewCell.swift in Sources */,
				39BAA0D5239159470066B302 /* ViewController.swift in Sources */,
				3947C9A023915F5300B72900 /* PrincipalViewController.swift in Sources */,
				03DD581B2397E522006FF392 /* PinterestLayout.swift in Sources */,
				A5CBEA2223954530009D2658 /* Empresa.swift in Sources */,
				A5CBEA2323954530009D2658 /* Endereco.swift in Sources */,
				D1D518AA239922EB008C8C1A /* TodosOsUsuarios.swift in Sources */,
				D1AFC83F239934AC009583B3 /* DAOFireBaseCategorias.swift in Sources */,
				D1AFC83D23993348009583B3 /* DAOFireBaseEmpresas.swift in Sources */,
				A5CBEA2623954530009D2658 /* Avaliacao.swift in Sources */,
				A5459D492395527E0023D99D /* EXTViewArrendondada.swift in Sources */,
				D1D518B02399233D008C8C1A /* ListaAtividadesTableViewCell.swift in Sources */,
				A5EC9E0C2395767500BC72B3 /* (null) in Sources */,
				A5EC9E0623956EFC00BC72B3 /* (null) in Sources */,
				A5EC9E0A2395754300BC72B3 /* (null) in Sources */,
				A5459D4023954BA20023D99D /* ProcurarProfissionaisViewController.swift in Sources */,
				D1D518AC239922EE008C8C1A /* TodasAsEmpresasDaCategoria.swift in Sources */,
				D1AFC84323994DC1009583B3 /* Categoria.swift in Sources */,
				39BAA0D1239159470066B302 /* AppDelegate.swift in Sources */,
				A5CBEA2723954530009D2658 /* InfoUsuario.swift in Sources */,
				39BAA0D3239159470066B302 /* SceneDelegate.swift in Sources */,
			);
			runOnlyForDeploymentPostprocessing = 0;
		};
/* End PBXSourcesBuildPhase section */

/* Begin PBXVariantGroup section */
		39BAA0D6239159470066B302 /* Main.storyboard */ = {
			isa = PBXVariantGroup;
			children = (
				39BAA0D7239159470066B302 /* Base */,
			);
			name = Main.storyboard;
			sourceTree = "<group>";
		};
		39BAA0DB239159490066B302 /* LaunchScreen.storyboard */ = {
			isa = PBXVariantGroup;
			children = (
				39BAA0DC239159490066B302 /* Base */,
			);
			name = LaunchScreen.storyboard;
			sourceTree = "<group>";
		};
/* End PBXVariantGroup section */

/* Begin XCBuildConfiguration section */
		39BAA0DF239159490066B302 /* Debug */ = {
			isa = XCBuildConfiguration;
			buildSettings = {
				ALWAYS_SEARCH_USER_PATHS = NO;
				CLANG_ANALYZER_NONNULL = YES;
				CLANG_ANALYZER_NUMBER_OBJECT_CONVERSION = YES_AGGRESSIVE;
				CLANG_CXX_LANGUAGE_STANDARD = "gnu++14";
				CLANG_CXX_LIBRARY = "libc++";
				CLANG_ENABLE_MODULES = YES;
				CLANG_ENABLE_OBJC_ARC = YES;
				CLANG_ENABLE_OBJC_WEAK = YES;
				CLANG_WARN_BLOCK_CAPTURE_AUTORELEASING = YES;
				CLANG_WARN_BOOL_CONVERSION = YES;
				CLANG_WARN_COMMA = YES;
				CLANG_WARN_CONSTANT_CONVERSION = YES;
				CLANG_WARN_DEPRECATED_OBJC_IMPLEMENTATIONS = YES;
				CLANG_WARN_DIRECT_OBJC_ISA_USAGE = YES_ERROR;
				CLANG_WARN_DOCUMENTATION_COMMENTS = YES;
				CLANG_WARN_EMPTY_BODY = YES;
				CLANG_WARN_ENUM_CONVERSION = YES;
				CLANG_WARN_INFINITE_RECURSION = YES;
				CLANG_WARN_INT_CONVERSION = YES;
				CLANG_WARN_NON_LITERAL_NULL_CONVERSION = YES;
				CLANG_WARN_OBJC_IMPLICIT_RETAIN_SELF = YES;
				CLANG_WARN_OBJC_LITERAL_CONVERSION = YES;
				CLANG_WARN_OBJC_ROOT_CLASS = YES_ERROR;
				CLANG_WARN_RANGE_LOOP_ANALYSIS = YES;
				CLANG_WARN_STRICT_PROTOTYPES = YES;
				CLANG_WARN_SUSPICIOUS_MOVE = YES;
				CLANG_WARN_UNGUARDED_AVAILABILITY = YES_AGGRESSIVE;
				CLANG_WARN_UNREACHABLE_CODE = YES;
				CLANG_WARN__DUPLICATE_METHOD_MATCH = YES;
				COPY_PHASE_STRIP = NO;
				DEBUG_INFORMATION_FORMAT = dwarf;
				ENABLE_STRICT_OBJC_MSGSEND = YES;
				ENABLE_TESTABILITY = YES;
				GCC_C_LANGUAGE_STANDARD = gnu11;
				GCC_DYNAMIC_NO_PIC = NO;
				GCC_NO_COMMON_BLOCKS = YES;
				GCC_OPTIMIZATION_LEVEL = 0;
				GCC_PREPROCESSOR_DEFINITIONS = (
					"DEBUG=1",
					"$(inherited)",
				);
				GCC_WARN_64_TO_32_BIT_CONVERSION = YES;
				GCC_WARN_ABOUT_RETURN_TYPE = YES_ERROR;
				GCC_WARN_UNDECLARED_SELECTOR = YES;
				GCC_WARN_UNINITIALIZED_AUTOS = YES_AGGRESSIVE;
				GCC_WARN_UNUSED_FUNCTION = YES;
				GCC_WARN_UNUSED_VARIABLE = YES;
				IPHONEOS_DEPLOYMENT_TARGET = 13.0;
				MTL_ENABLE_DEBUG_INFO = INCLUDE_SOURCE;
				MTL_FAST_MATH = YES;
				ONLY_ACTIVE_ARCH = YES;
				SDKROOT = iphoneos;
				SWIFT_ACTIVE_COMPILATION_CONDITIONS = DEBUG;
				SWIFT_OPTIMIZATION_LEVEL = "-Onone";
			};
			name = Debug;
		};
		39BAA0E0239159490066B302 /* Release */ = {
			isa = XCBuildConfiguration;
			buildSettings = {
				ALWAYS_SEARCH_USER_PATHS = NO;
				CLANG_ANALYZER_NONNULL = YES;
				CLANG_ANALYZER_NUMBER_OBJECT_CONVERSION = YES_AGGRESSIVE;
				CLANG_CXX_LANGUAGE_STANDARD = "gnu++14";
				CLANG_CXX_LIBRARY = "libc++";
				CLANG_ENABLE_MODULES = YES;
				CLANG_ENABLE_OBJC_ARC = YES;
				CLANG_ENABLE_OBJC_WEAK = YES;
				CLANG_WARN_BLOCK_CAPTURE_AUTORELEASING = YES;
				CLANG_WARN_BOOL_CONVERSION = YES;
				CLANG_WARN_COMMA = YES;
				CLANG_WARN_CONSTANT_CONVERSION = YES;
				CLANG_WARN_DEPRECATED_OBJC_IMPLEMENTATIONS = YES;
				CLANG_WARN_DIRECT_OBJC_ISA_USAGE = YES_ERROR;
				CLANG_WARN_DOCUMENTATION_COMMENTS = YES;
				CLANG_WARN_EMPTY_BODY = YES;
				CLANG_WARN_ENUM_CONVERSION = YES;
				CLANG_WARN_INFINITE_RECURSION = YES;
				CLANG_WARN_INT_CONVERSION = YES;
				CLANG_WARN_NON_LITERAL_NULL_CONVERSION = YES;
				CLANG_WARN_OBJC_IMPLICIT_RETAIN_SELF = YES;
				CLANG_WARN_OBJC_LITERAL_CONVERSION = YES;
				CLANG_WARN_OBJC_ROOT_CLASS = YES_ERROR;
				CLANG_WARN_RANGE_LOOP_ANALYSIS = YES;
				CLANG_WARN_STRICT_PROTOTYPES = YES;
				CLANG_WARN_SUSPICIOUS_MOVE = YES;
				CLANG_WARN_UNGUARDED_AVAILABILITY = YES_AGGRESSIVE;
				CLANG_WARN_UNREACHABLE_CODE = YES;
				CLANG_WARN__DUPLICATE_METHOD_MATCH = YES;
				COPY_PHASE_STRIP = NO;
				DEBUG_INFORMATION_FORMAT = "dwarf-with-dsym";
				ENABLE_NS_ASSERTIONS = NO;
				ENABLE_STRICT_OBJC_MSGSEND = YES;
				GCC_C_LANGUAGE_STANDARD = gnu11;
				GCC_NO_COMMON_BLOCKS = YES;
				GCC_WARN_64_TO_32_BIT_CONVERSION = YES;
				GCC_WARN_ABOUT_RETURN_TYPE = YES_ERROR;
				GCC_WARN_UNDECLARED_SELECTOR = YES;
				GCC_WARN_UNINITIALIZED_AUTOS = YES_AGGRESSIVE;
				GCC_WARN_UNUSED_FUNCTION = YES;
				GCC_WARN_UNUSED_VARIABLE = YES;
				IPHONEOS_DEPLOYMENT_TARGET = 13.0;
				MTL_ENABLE_DEBUG_INFO = NO;
				MTL_FAST_MATH = YES;
				SDKROOT = iphoneos;
				SWIFT_COMPILATION_MODE = wholemodule;
				SWIFT_OPTIMIZATION_LEVEL = "-O";
				VALIDATE_PRODUCT = YES;
			};
			name = Release;
		};
		39BAA0E2239159490066B302 /* Debug */ = {
			isa = XCBuildConfiguration;
			baseConfigurationReference = 08B2B67085EA8A969AA28D9F /* Pods-Somei.debug.xcconfig */;
			buildSettings = {
				ASSETCATALOG_COMPILER_APPICON_NAME = AppIcon;
				CODE_SIGN_STYLE = Automatic;
				DEVELOPMENT_TEAM = CM34PRAQJX;
				INFOPLIST_FILE = Somei/Info.plist;
				IPHONEOS_DEPLOYMENT_TARGET = 13.0;
				LD_RUNPATH_SEARCH_PATHS = (
					"$(inherited)",
					"@executable_path/Frameworks",
				);
				PRODUCT_BUNDLE_IDENTIFIER = br.pucpr.Somei;
				PRODUCT_NAME = "$(TARGET_NAME)";
				SWIFT_VERSION = 5.0;
				TARGETED_DEVICE_FAMILY = "1,2";
			};
			name = Debug;
		};
		39BAA0E3239159490066B302 /* Release */ = {
			isa = XCBuildConfiguration;
			baseConfigurationReference = 46F7EE9F17B980114189616F /* Pods-Somei.release.xcconfig */;
			buildSettings = {
				ASSETCATALOG_COMPILER_APPICON_NAME = AppIcon;
				CODE_SIGN_STYLE = Automatic;
				DEVELOPMENT_TEAM = CM34PRAQJX;
				INFOPLIST_FILE = Somei/Info.plist;
				IPHONEOS_DEPLOYMENT_TARGET = 13.0;
				LD_RUNPATH_SEARCH_PATHS = (
					"$(inherited)",
					"@executable_path/Frameworks",
				);
				PRODUCT_BUNDLE_IDENTIFIER = br.pucpr.Somei;
				PRODUCT_NAME = "$(TARGET_NAME)";
				SWIFT_VERSION = 5.0;
				TARGETED_DEVICE_FAMILY = "1,2";
			};
			name = Release;
		};
/* End XCBuildConfiguration section */

/* Begin XCConfigurationList section */
		39BAA0C8239159470066B302 /* Build configuration list for PBXProject "somei" */ = {
			isa = XCConfigurationList;
			buildConfigurations = (
				39BAA0DF239159490066B302 /* Debug */,
				39BAA0E0239159490066B302 /* Release */,
			);
			defaultConfigurationIsVisible = 0;
			defaultConfigurationName = Release;
		};
		39BAA0E1239159490066B302 /* Build configuration list for PBXNativeTarget "Somei" */ = {
			isa = XCConfigurationList;
			buildConfigurations = (
				39BAA0E2239159490066B302 /* Debug */,
				39BAA0E3239159490066B302 /* Release */,
			);
			defaultConfigurationIsVisible = 0;
			defaultConfigurationName = Release;
		};
/* End XCConfigurationList section */
	};
	rootObject = 39BAA0C5239159470066B302 /* Project object */;
}
